// !$*UTF8*$!
{
	archiveVersion = 1;
	classes = {
	};
	objectVersion = 50;
	objects = {

/* Begin PBXBuildFile section */
		E95BE8AA22AD1F3F00A6A3AE /* AppDelegate.swift in Sources */ = {isa = PBXBuildFile; fileRef = E95BE8A922AD1F3F00A6A3AE /* AppDelegate.swift */; };
		E95BE8AC22AD1F3F00A6A3AE /* TravelLocationsMapViewController.swift in Sources */ = {isa = PBXBuildFile; fileRef = E95BE8AB22AD1F3F00A6A3AE /* TravelLocationsMapViewController.swift */; };
		E95BE8AF22AD1F3F00A6A3AE /* Main.storyboard in Resources */ = {isa = PBXBuildFile; fileRef = E95BE8AD22AD1F3F00A6A3AE /* Main.storyboard */; };
		E95BE8B122AD1F4100A6A3AE /* Assets.xcassets in Resources */ = {isa = PBXBuildFile; fileRef = E95BE8B022AD1F4100A6A3AE /* Assets.xcassets */; };
		E95BE8B422AD1F4100A6A3AE /* LaunchScreen.storyboard in Resources */ = {isa = PBXBuildFile; fileRef = E95BE8B222AD1F4100A6A3AE /* LaunchScreen.storyboard */; };
		E95BE8C022AD24A000A6A3AE /* PhotoAlbumViewController.swift in Sources */ = {isa = PBXBuildFile; fileRef = E95BE8BF22AD24A000A6A3AE /* PhotoAlbumViewController.swift */; };
/* End PBXBuildFile section */

/* Begin PBXFileReference section */
		E95BE8A622AD1F3F00A6A3AE /* VirtualTourist.app */ = {isa = PBXFileReference; explicitFileType = wrapper.application; includeInIndex = 0; path = VirtualTourist.app; sourceTree = BUILT_PRODUCTS_DIR; };
		E95BE8A922AD1F3F00A6A3AE /* AppDelegate.swift */ = {isa = PBXFileReference; lastKnownFileType = sourcecode.swift; path = AppDelegate.swift; sourceTree = "<group>"; };
		E95BE8AB22AD1F3F00A6A3AE /* TravelLocationsMapViewController.swift */ = {isa = PBXFileReference; lastKnownFileType = sourcecode.swift; path = TravelLocationsMapViewController.swift; sourceTree = "<group>"; };
		E95BE8AE22AD1F3F00A6A3AE /* Base */ = {isa = PBXFileReference; lastKnownFileType = file.storyboard; name = Base; path = Base.lproj/Main.storyboard; sourceTree = "<group>"; };
		E95BE8B022AD1F4100A6A3AE /* Assets.xcassets */ = {isa = PBXFileReference; lastKnownFileType = folder.assetcatalog; path = Assets.xcassets; sourceTree = "<group>"; };
		E95BE8B322AD1F4100A6A3AE /* Base */ = {isa = PBXFileReference; lastKnownFileType = file.storyboard; name = Base; path = Base.lproj/LaunchScreen.storyboard; sourceTree = "<group>"; };
		E95BE8B522AD1F4100A6A3AE /* Info.plist */ = {isa = PBXFileReference; lastKnownFileType = text.plist.xml; path = Info.plist; sourceTree = "<group>"; };
		E95BE8BF22AD24A000A6A3AE /* PhotoAlbumViewController.swift */ = {isa = PBXFileReference; lastKnownFileType = sourcecode.swift; path = PhotoAlbumViewController.swift; sourceTree = "<group>"; };
/* End PBXFileReference section */

/* Begin PBXFrameworksBuildPhase section */
		E95BE8A322AD1F3F00A6A3AE /* Frameworks */ = {
			isa = PBXFrameworksBuildPhase;
			buildActionMask = 2147483647;
			files = (
			);
			runOnlyForDeploymentPostprocessing = 0;
		};
/* End PBXFrameworksBuildPhase section */

/* Begin PBXGroup section */
		E95BE89D22AD1F3F00A6A3AE = {
			isa = PBXGroup;
			children = (
				E95BE8A822AD1F3F00A6A3AE /* VirtualTourist */,
				E95BE8A722AD1F3F00A6A3AE /* Products */,
			);
			sourceTree = "<group>";
		};
		E95BE8A722AD1F3F00A6A3AE /* Products */ = {
			isa = PBXGroup;
			children = (
				E95BE8A622AD1F3F00A6A3AE /* VirtualTourist.app */,
			);
			name = Products;
			sourceTree = "<group>";
		};
		E95BE8A822AD1F3F00A6A3AE /* VirtualTourist */ = {
			isa = PBXGroup;
			children = (
				E95BE8A922AD1F3F00A6A3AE /* AppDelegate.swift */,
				E95BE8B522AD1F4100A6A3AE /* Info.plist */,
				E95BE8BE22AD247200A6A3AE /* Model */,
				E95BE8BC22AD243400A6A3AE /* View */,
				E95BE8BB22AD242200A6A3AE /* Controller */,
				E95BE8BD22AD245700A6A3AE /* Assets */,
			);
			path = VirtualTourist;
			sourceTree = "<group>";
		};
		E95BE8BB22AD242200A6A3AE /* Controller */ = {
			isa = PBXGroup;
			children = (
				E95BE8AB22AD1F3F00A6A3AE /* TravelLocationsMapViewController.swift */,
				E95BE8BF22AD24A000A6A3AE /* PhotoAlbumViewController.swift */,
			);
			path = Controller;
			sourceTree = "<group>";
		};
		E95BE8BC22AD243400A6A3AE /* View */ = {
			isa = PBXGroup;
			children = (
				E95BE8B222AD1F4100A6A3AE /* LaunchScreen.storyboard */,
				E95BE8AD22AD1F3F00A6A3AE /* Main.storyboard */,
			);
			name = View;
			sourceTree = "<group>";
		};
		E95BE8BD22AD245700A6A3AE /* Assets */ = {
			isa = PBXGroup;
			children = (
				E95BE8B022AD1F4100A6A3AE /* Assets.xcassets */,
			);
			path = Assets;
			sourceTree = "<group>";
		};
		E95BE8BE22AD247200A6A3AE /* Model */ = {
			isa = PBXGroup;
			children = (
			);
			path = Model;
			sourceTree = "<group>";
		};
/* End PBXGroup section */

/* Begin PBXNativeTarget section */
		E95BE8A522AD1F3F00A6A3AE /* VirtualTourist */ = {
			isa = PBXNativeTarget;
			buildConfigurationList = E95BE8B822AD1F4100A6A3AE /* Build configuration list for PBXNativeTarget "VirtualTourist" */;
			buildPhases = (
				E95BE8A222AD1F3F00A6A3AE /* Sources */,
				E95BE8A322AD1F3F00A6A3AE /* Frameworks */,
				E95BE8A422AD1F3F00A6A3AE /* Resources */,
			);
			buildRules = (
			);
			dependencies = (
			);
			name = VirtualTourist;
			productName = VirtualTourist;
			productReference = E95BE8A622AD1F3F00A6A3AE /* VirtualTourist.app */;
			productType = "com.apple.product-type.application";
		};
/* End PBXNativeTarget section */

/* Begin PBXProject section */
		E95BE89E22AD1F3F00A6A3AE /* Project object */ = {
			isa = PBXProject;
			attributes = {
				LastSwiftUpdateCheck = 1020;
				LastUpgradeCheck = 1020;
				ORGANIZATIONNAME = Udacity;
				TargetAttributes = {
					E95BE8A522AD1F3F00A6A3AE = {
						CreatedOnToolsVersion = 10.2.1;
					};
				};
			};
			buildConfigurationList = E95BE8A122AD1F3F00A6A3AE /* Build configuration list for PBXProject "VirtualTourist" */;
			compatibilityVersion = "Xcode 9.3";
			developmentRegion = en;
			hasScannedForEncodings = 0;
			knownRegions = (
				en,
				Base,
			);
			mainGroup = E95BE89D22AD1F3F00A6A3AE;
			productRefGroup = E95BE8A722AD1F3F00A6A3AE /* Products */;
			projectDirPath = "";
			projectRoot = "";
			targets = (
				E95BE8A522AD1F3F00A6A3AE /* VirtualTourist */,
			);
		};
/* End PBXProject section */

/* Begin PBXResourcesBuildPhase section */
		E95BE8A422AD1F3F00A6A3AE /* Resources */ = {
			isa = PBXResourcesBuildPhase;
			buildActionMask = 2147483647;
			files = (
				E95BE8B422AD1F4100A6A3AE /* LaunchScreen.storyboard in Resources */,
				E95BE8B122AD1F4100A6A3AE /* Assets.xcassets in Resources */,
				E95BE8AF22AD1F3F00A6A3AE /* Main.storyboard in Resources */,
			);
			runOnlyForDeploymentPostprocessing = 0;
		};
/* End PBXResourcesBuildPhase section */

/* Begin PBXSourcesBuildPhase section */
		E95BE8A222AD1F3F00A6A3AE /* Sources */ = {
			isa = PBXSourcesBuildPhase;
			buildActionMask = 2147483647;
			files = (
				E95BE8AC22AD1F3F00A6A3AE /* TravelLocationsMapViewController.swift in Sources */,
				E95BE8AA22AD1F3F00A6A3AE /* AppDelegate.swift in Sources */,
				E95BE8C022AD24A000A6A3AE /* PhotoAlbumViewController.swift in Sources */,
			);
			runOnlyForDeploymentPostprocessing = 0;
		};
/* End PBXSourcesBuildPhase section */

/* Begin PBXVariantGroup section */
		E95BE8AD22AD1F3F00A6A3AE /* Main.storyboard */ = {
			isa = PBXVariantGroup;
			children = (
				E95BE8AE22AD1F3F00A6A3AE /* Base */,
			);
			name = Main.storyboard;
			sourceTree = "<group>";
		};
		E95BE8B222AD1F4100A6A3AE /* LaunchScreen.storyboard */ = {
			isa = PBXVariantGroup;
			children = (
				E95BE8B322AD1F4100A6A3AE /* Base */,
			);
			name = LaunchScreen.storyboard;
			sourceTree = "<group>";
		};
/* End PBXVariantGroup section */

/* Begin XCBuildConfiguration section */
		E95BE8B622AD1F4100A6A3AE /* Debug */ = {
			isa = XCBuildConfiguration;
			buildSettings = {
				ALWAYS_SEARCH_USER_PATHS = NO;
				CLANG_ANALYZER_NONNULL = YES;
				CLANG_ANALYZER_NUMBER_OBJECT_CONVERSION = YES_AGGRESSIVE;
				CLANG_CXX_LANGUAGE_STANDARD = "gnu++14";
				CLANG_CXX_LIBRARY = "libc++";
				CLANG_ENABLE_MODULES = YES;
				CLANG_ENABLE_OBJC_ARC = YES;
				CLANG_ENABLE_OBJC_WEAK = YES;
				CLANG_WARN_BLOCK_CAPTURE_AUTORELEASING = YES;
				CLANG_WARN_BOOL_CONVERSION = YES;
				CLANG_WARN_COMMA = YES;
				CLANG_WARN_CONSTANT_CONVERSION = YES;
				CLANG_WARN_DEPRECATED_OBJC_IMPLEMENTATIONS = YES;
				CLANG_WARN_DIRECT_OBJC_ISA_USAGE = YES_ERROR;
				CLANG_WARN_DOCUMENTATION_COMMENTS = YES;
				CLANG_WARN_EMPTY_BODY = YES;
				CLANG_WARN_ENUM_CONVERSION = YES;
				CLANG_WARN_INFINITE_RECURSION = YES;
				CLANG_WARN_INT_CONVERSION = YES;
				CLANG_WARN_NON_LITERAL_NULL_CONVERSION = YES;
				CLANG_WARN_OBJC_IMPLICIT_RETAIN_SELF = YES;
				CLANG_WARN_OBJC_LITERAL_CONVERSION = YES;
				CLANG_WARN_OBJC_ROOT_CLASS = YES_ERROR;
				CLANG_WARN_RANGE_LOOP_ANALYSIS = YES;
				CLANG_WARN_STRICT_PROTOTYPES = YES;
				CLANG_WARN_SUSPICIOUS_MOVE = YES;
				CLANG_WARN_UNGUARDED_AVAILABILITY = YES_AGGRESSIVE;
				CLANG_WARN_UNREACHABLE_CODE = YES;
				CLANG_WARN__DUPLICATE_METHOD_MATCH = YES;
				CODE_SIGN_IDENTITY = "iPhone Developer";
				COPY_PHASE_STRIP = NO;
				DEBUG_INFORMATION_FORMAT = dwarf;
				ENABLE_STRICT_OBJC_MSGSEND = YES;
				ENABLE_TESTABILITY = YES;
				GCC_C_LANGUAGE_STANDARD = gnu11;
				GCC_DYNAMIC_NO_PIC = NO;
				GCC_NO_COMMON_BLOCKS = YES;
				GCC_OPTIMIZATION_LEVEL = 0;
				GCC_PREPROCESSOR_DEFINITIONS = (
					"DEBUG=1",
					"$(inherited)",
				);
				GCC_WARN_64_TO_32_BIT_CONVERSION = YES;
				GCC_WARN_ABOUT_RETURN_TYPE = YES_ERROR;
				GCC_WARN_UNDECLARED_SELECTOR = YES;
				GCC_WARN_UNINITIALIZED_AUTOS = YES_AGGRESSIVE;
				GCC_WARN_UNUSED_FUNCTION = YES;
				GCC_WARN_UNUSED_VARIABLE = YES;
				IPHONEOS_DEPLOYMENT_TARGET = 12.2;
				MTL_ENABLE_DEBUG_INFO = INCLUDE_SOURCE;
				MTL_FAST_MATH = YES;
				ONLY_ACTIVE_ARCH = YES;
				SDKROOT = iphoneos;
				SWIFT_ACTIVE_COMPILATION_CONDITIONS = DEBUG;
				SWIFT_OPTIMIZATION_LEVEL = "-Onone";
			};
			name = Debug;
		};
		E95BE8B722AD1F4100A6A3AE /* Release */ = {
			isa = XCBuildConfiguration;
			buildSettings = {
				ALWAYS_SEARCH_USER_PATHS = NO;
				CLANG_ANALYZER_NONNULL = YES;
				CLANG_ANALYZER_NUMBER_OBJECT_CONVERSION = YES_AGGRESSIVE;
				CLANG_CXX_LANGUAGE_STANDARD = "gnu++14";
				CLANG_CXX_LIBRARY = "libc++";
				CLANG_ENABLE_MODULES = YES;
				CLANG_ENABLE_OBJC_ARC = YES;
				CLANG_ENABLE_OBJC_WEAK = YES;
				CLANG_WARN_BLOCK_CAPTURE_AUTORELEASING = YES;
				CLANG_WARN_BOOL_CONVERSION = YES;
				CLANG_WARN_COMMA = YES;
				CLANG_WARN_CONSTANT_CONVERSION = YES;
				CLANG_WARN_DEPRECATED_OBJC_IMPLEMENTATIONS = YES;
				CLANG_WARN_DIRECT_OBJC_ISA_USAGE = YES_ERROR;
				CLANG_WARN_DOCUMENTATION_COMMENTS = YES;
				CLANG_WARN_EMPTY_BODY = YES;
				CLANG_WARN_ENUM_CONVERSION = YES;
				CLANG_WARN_INFINITE_RECURSION = YES;
				CLANG_WARN_INT_CONVERSION = YES;
				CLANG_WARN_NON_LITERAL_NULL_CONVERSION = YES;
				CLANG_WARN_OBJC_IMPLICIT_RETAIN_SELF = YES;
				CLANG_WARN_OBJC_LITERAL_CONVERSION = YES;
				CLANG_WARN_OBJC_ROOT_CLASS = YES_ERROR;
				CLANG_WARN_RANGE_LOOP_ANALYSIS = YES;
				CLANG_WARN_STRICT_PROTOTYPES = YES;
				CLANG_WARN_SUSPICIOUS_MOVE = YES;
				CLANG_WARN_UNGUARDED_AVAILABILITY = YES_AGGRESSIVE;
				CLANG_WARN_UNREACHABLE_CODE = YES;
				CLANG_WARN__DUPLICATE_METHOD_MATCH = YES;
				CODE_SIGN_IDENTITY = "iPhone Developer";
				COPY_PHASE_STRIP = NO;
				DEBUG_INFORMATION_FORMAT = "dwarf-with-dsym";
				ENABLE_NS_ASSERTIONS = NO;
				ENABLE_STRICT_OBJC_MSGSEND = YES;
				GCC_C_LANGUAGE_STANDARD = gnu11;
				GCC_NO_COMMON_BLOCKS = YES;
				GCC_WARN_64_TO_32_BIT_CONVERSION = YES;
				GCC_WARN_ABOUT_RETURN_TYPE = YES_ERROR;
				GCC_WARN_UNDECLARED_SELECTOR = YES;
				GCC_WARN_UNINITIALIZED_AUTOS = YES_AGGRESSIVE;
				GCC_WARN_UNUSED_FUNCTION = YES;
				GCC_WARN_UNUSED_VARIABLE = YES;
				IPHONEOS_DEPLOYMENT_TARGET = 12.2;
				MTL_ENABLE_DEBUG_INFO = NO;
				MTL_FAST_MATH = YES;
				SDKROOT = iphoneos;
				SWIFT_COMPILATION_MODE = wholemodule;
				SWIFT_OPTIMIZATION_LEVEL = "-O";
				VALIDATE_PRODUCT = YES;
			};
			name = Release;
		};
		E95BE8B922AD1F4100A6A3AE /* Debug */ = {
			isa = XCBuildConfiguration;
			buildSettings = {
				ASSETCATALOG_COMPILER_APPICON_NAME = AppIcon;
				CODE_SIGN_STYLE = Automatic;
				INFOPLIST_FILE = VirtualTourist/Info.plist;
				LD_RUNPATH_SEARCH_PATHS = (
					"$(inherited)",
					"@executable_path/Frameworks",
				);
				PRODUCT_BUNDLE_IDENTIFIER = com.Udacity.VirtualTourist;
				PRODUCT_NAME = "$(TARGET_NAME)";
				SWIFT_VERSION = 5.0;
				TARGETED_DEVICE_FAMILY = "1,2";
			};
			name = Debug;
		};
		E95BE8BA22AD1F4100A6A3AE /* Release */ = {
			isa = XCBuildConfiguration;
			buildSettings = {
				ASSETCATALOG_COMPILER_APPICON_NAME = AppIcon;
				CODE_SIGN_STYLE = Automatic;
				INFOPLIST_FILE = VirtualTourist/Info.plist;
				LD_RUNPATH_SEARCH_PATHS = (
					"$(inherited)",
					"@executable_path/Frameworks",
				);
				PRODUCT_BUNDLE_IDENTIFIER = com.Udacity.VirtualTourist;
				PRODUCT_NAME = "$(TARGET_NAME)";
				SWIFT_VERSION = 5.0;
				TARGETED_DEVICE_FAMILY = "1,2";
			};
			name = Release;
		};
/* End XCBuildConfiguration section */

/* Begin XCConfigurationList section */
		E95BE8A122AD1F3F00A6A3AE /* Build configuration list for PBXProject "VirtualTourist" */ = {
			isa = XCConfigurationList;
			buildConfigurations = (
				E95BE8B622AD1F4100A6A3AE /* Debug */,
				E95BE8B722AD1F4100A6A3AE /* Release */,
			);
			defaultConfigurationIsVisible = 0;
			defaultConfigurationName = Release;
		};
		E95BE8B822AD1F4100A6A3AE /* Build configuration list for PBXNativeTarget "VirtualTourist" */ = {
			isa = XCConfigurationList;
			buildConfigurations = (
				E95BE8B922AD1F4100A6A3AE /* Debug */,
				E95BE8BA22AD1F4100A6A3AE /* Release */,
			);
			defaultConfigurationIsVisible = 0;
			defaultConfigurationName = Release;
		};
/* End XCConfigurationList section */
	};
	rootObject = E95BE89E22AD1F3F00A6A3AE /* Project object */;
}
